
Microsoft Visual Studio Solution File, Format Version 12.00
# Visual Studio Version 17
VisualStudioVersion = 17.7.34031.279
MinimumVisualStudioVersion = 10.0.40219.1
Project("{9A19103F-16F7-4668-BE54-9A1E7A4F7556}") = "ProductDetailsService", "ProductDetailsService\ProductDetailsService.csproj", "{88619D96-26D9-475B-9451-F393CFC5171F}"
EndProject
Project("{9A19103F-16F7-4668-BE54-9A1E7A4F7556}") = "ProductDetails.Application", "ProductDetails.Application\ProductDetails.Application.csproj", "{1FEA2409-182C-470D-9BC6-79BD3FC26ED5}"
EndProject
Project("{9A19103F-16F7-4668-BE54-9A1E7A4F7556}") = "ProductDetails.Infrastructure", "ProductDetails.Infrastructure\ProductDetails.Infrastructure.csproj", "{384CBDB2-E5F0-47D4-B4CD-61364B954EB0}"
EndProject
Project("{9A19103F-16F7-4668-BE54-9A1E7A4F7556}") = "ProductDetails.Domain", "ProductDetails.Domain\ProductDetails.Domain.csproj", "{D470A869-001C-444D-AE13-E50C49DEC1BF}"
EndProject
Global
	GlobalSection(SolutionConfigurationPlatforms) = preSolution
		Debug|Any CPU = Debug|Any CPU
		Release|Any CPU = Release|Any CPU
	EndGlobalSection
	GlobalSection(ProjectConfigurationPlatforms) = postSolution
		{88619D96-26D9-475B-9451-F393CFC5171F}.Debug|Any CPU.ActiveCfg = Debug|Any CPU
		{88619D96-26D9-475B-9451-F393CFC5171F}.Debug|Any CPU.Build.0 = Debug|Any CPU
		{88619D96-26D9-475B-9451-F393CFC5171F}.Release|Any CPU.ActiveCfg = Release|Any CPU
		{88619D96-26D9-475B-9451-F393CFC5171F}.Release|Any CPU.Build.0 = Release|Any CPU
		{1FEA2409-182C-470D-9BC6-79BD3FC26ED5}.Debug|Any CPU.ActiveCfg = Debug|Any CPU
		{1FEA2409-182C-470D-9BC6-79BD3FC26ED5}.Debug|Any CPU.Build.0 = Debug|Any CPU
		{1FEA2409-182C-470D-9BC6-79BD3FC26ED5}.Release|Any CPU.ActiveCfg = Release|Any CPU
		{1FEA2409-182C-470D-9BC6-79BD3FC26ED5}.Release|Any CPU.Build.0 = Release|Any CPU
		{384CBDB2-E5F0-47D4-B4CD-61364B954EB0}.Debug|Any CPU.ActiveCfg = Debug|Any CPU
		{384CBDB2-E5F0-47D4-B4CD-61364B954EB0}.Debug|Any CPU.Build.0 = Debug|Any CPU
		{384CBDB2-E5F0-47D4-B4CD-61364B954EB0}.Release|Any CPU.ActiveCfg = Release|Any CPU
		{384CBDB2-E5F0-47D4-B4CD-61364B954EB0}.Release|Any CPU.Build.0 = Release|Any CPU
		{D470A869-001C-444D-AE13-E50C49DEC1BF}.Debug|Any CPU.ActiveCfg = Debug|Any CPU
		{D470A869-001C-444D-AE13-E50C49DEC1BF}.Debug|Any CPU.Build.0 = Debug|Any CPU
		{D470A869-001C-444D-AE13-E50C49DEC1BF}.Release|Any CPU.ActiveCfg = Release|Any CPU
		{D470A869-001C-444D-AE13-E50C49DEC1BF}.Release|Any CPU.Build.0 = Release|Any CPU
	EndGlobalSection
	GlobalSection(SolutionProperties) = preSolution
		HideSolutionNode = FALSE
	EndGlobalSection
	GlobalSection(ExtensibilityGlobals) = postSolution
		SolutionGuid = {F69A4F18-DDF9-435B-85D2-9F9425064079}
	EndGlobalSection
EndGlobal
